<?xml version="1.0" encoding="utf-8"?>
<Project ToolsVersion="4.0" xmlns="http://schemas.microsoft.com/developer/msbuild/2003">
  <ItemGroup>
    <Filter Include="來源檔案">
      <UniqueIdentifier>{4FC737F1-C7A5-4376-A066-2A32D752A2FF}</UniqueIdentifier>
      <Extensions>cpp;c;cc;cxx;c++;cppm;ixx;def;odl;idl;hpj;bat;asm;asmx</Extensions>
    </Filter>
    <Filter Include="標頭檔">
      <UniqueIdentifier>{93995380-89BD-4b04-88EB-625FBE52EBFB}</UniqueIdentifier>
      <Extensions>h;hh;hpp;hxx;h++;hm;inl;inc;ipp;xsd</Extensions>
    </Filter>
    <Filter Include="資源檔">
      <UniqueIdentifier>{67DA6AB6-F800-4c08-8B7A-83BB121AAD01}</UniqueIdentifier>
      <Extensions>rc;ico;cur;bmp;dlg;rc2;rct;bin;rgs;gif;jpg;jpeg;jpe;resx;tiff;tif;png;wav;mfcribbon-ms</Extensions>
    </Filter>
  </ItemGroup>
  <ItemGroup>
    <ClInclude Include="framework.h">
      <Filter>標頭檔</Filter>
    </ClInclude>
    <ClInclude Include="LibMocap.h">
      <Filter>標頭檔</Filter>
    </ClInclude>
    <ClInclude Include="Core\TypeDef.h">
      <Filter>標頭檔</Filter>
    </ClInclude>
    <ClInclude Include="Mocap.h">
      <Filter>標頭檔</Filter>
    </ClInclude>
    <ClInclude Include="pch.h">
      <Filter>標頭檔</Filter>
    </ClInclude>
    <ClInclude Include="SkelConverter\holistic.hpp">
      <Filter>標頭檔</Filter>
    </ClInclude>
    <ClInclude Include="SkelConverter\math_utils.h">
      <Filter>標頭檔</Filter>
    </ClInclude>
    <ClInclude Include="SkelConverter\SkelConverter.h">
      <Filter>標頭檔</Filter>
    </ClInclude>
    <ClInclude Include="SkelConverter\skeleton_factory.h">
      <Filter>標頭檔</Filter>
    </ClInclude>
    <ClInclude Include="SkelConverter\holistic_correction.h">
      <Filter>標頭檔</Filter>
    </ClInclude>
    <ClInclude Include="SkelConverter\key_utils.h">
      <Filter>標頭檔</Filter>
    </ClInclude>
    <ClInclude Include="SkelConverter\libplot.h">
      <Filter>標頭檔</Filter>
    </ClInclude>
    <ClInclude Include="SkelConverter\pose_utils.h">
      <Filter>標頭檔</Filter>
    </ClInclude>
    <ClInclude Include="SkelConverter\quat_smoother.h">
      <Filter>標頭檔</Filter>
    </ClInclude>
    <ClInclude Include="SkelConverter\signal_analyzer.h">
      <Filter>標頭檔</Filter>
    </ClInclude>
    <ClInclude Include="SkelConverter\skeleton_plotter.h">
      <Filter>標頭檔</Filter>
    </ClInclude>
    <ClInclude Include="SkelConverter\head_stabilizer.h">
      <Filter>標頭檔</Filter>
    </ClInclude>
    <ClInclude Include="SkelConverter\hand_stabilizer.h">
      <Filter>標頭檔</Filter>
    </ClInclude>
    <ClInclude Include="SkelConverter\db_utils.h">
      <Filter>標頭檔</Filter>
    </ClInclude>
    <ClInclude Include="SkelConverter\image_exporter.hpp">
      <Filter>標頭檔</Filter>
    </ClInclude>
    <ClInclude Include="SkelConverter\kalman_filter.hpp">
      <Filter>標頭檔</Filter>
    </ClInclude>
    <ClInclude Include="SkelConverter\kalman1d.hpp">
      <Filter>標頭檔</Filter>
    </ClInclude>
    <ClInclude Include="SkelConverter\one_euro_filter.hpp">
      <Filter>標頭檔</Filter>
    </ClInclude>
    <ClInclude Include="SkelConverter\quat_stabilizer.hpp">
      <Filter>標頭檔</Filter>
    </ClInclude>
    <ClInclude Include="SkelConverter\text_plotter.hpp">
      <Filter>標頭檔</Filter>
    </ClInclude>
    <ClInclude Include="SkelConverter\time_utils.hpp">
      <Filter>標頭檔</Filter>
    </ClInclude>
    <ClInclude Include="SkelConverter\timer.hpp">
      <Filter>標頭檔</Filter>
    </ClInclude>
    <ClInclude Include="SkelConverter\video_player.hpp">
      <Filter>標頭檔</Filter>
    </ClInclude>
    <ClInclude Include="SkelConverter\bone_stabilizer.hpp">
      <Filter>標頭檔</Filter>
    </ClInclude>
    <ClInclude Include="SkelConverter\calibration.hpp">
      <Filter>標頭檔</Filter>
    </ClInclude>
    <ClInclude Include="SkelConverter\camera.hpp">
      <Filter>標頭檔</Filter>
    </ClInclude>
    <ClInclude Include="SkelConverter\gesture.hpp">
      <Filter>標頭檔</Filter>
    </ClInclude>
    <ClInclude Include="SkelConverter\gesture_detector.hpp">
      <Filter>標頭檔</Filter>
    </ClInclude>
    <ClInclude Include="MHFormer\mhformer.h">
      <Filter>標頭檔</Filter>
    </ClInclude>
    <ClInclude Include="MHFormer\mhformer_utils.h">
      <Filter>標頭檔</Filter>
    </ClInclude>
    <ClInclude Include="PoseUtils.h">
      <Filter>標頭檔</Filter>
    </ClInclude>
    <ClInclude Include="Core\Core.h">
      <Filter>標頭檔</Filter>
    </ClInclude>
    <ClInclude Include="Diag.h">
      <Filter>標頭檔</Filter>
    </ClInclude>
    <ClInclude Include="TextPlotter.hpp">
      <Filter>標頭檔</Filter>
    </ClInclude>
    <ClInclude Include="Timer.hpp">
      <Filter>標頭檔</Filter>
    </ClInclude>
    <ClInclude Include="TimeUtils.hpp">
      <Filter>標頭檔</Filter>
    </ClInclude>
    <ClInclude Include="PlotLib.h">
      <Filter>標頭檔</Filter>
    </ClInclude>
    <ClInclude Include="VideoPlayer.hpp">
      <Filter>標頭檔</Filter>
    </ClInclude>
    <ClInclude Include="SkelConverter\skeleton.hpp">
      <Filter>標頭檔</Filter>
    </ClInclude>
    <ClInclude Include="SkelConverter\stable_point.hpp">
      <Filter>標頭檔</Filter>
    </ClInclude>
    <ClInclude Include="SkelConverter\stable_value.hpp">
      <Filter>標頭檔</Filter>
    </ClInclude>
    <ClInclude Include="Core\VectorUtils.h">
      <Filter>標頭檔</Filter>
    </ClInclude>
  </ItemGroup>
  <ItemGroup>
    <ClCompile Include="dllmain.cpp">
      <Filter>來源檔案</Filter>
    </ClCompile>
    <ClCompile Include="pch.cpp">
      <Filter>來源檔案</Filter>
    </ClCompile>
    <ClCompile Include="LibMocap.cpp">
      <Filter>來源檔案</Filter>
    </ClCompile>
    <ClCompile Include="Mocap.cpp">
      <Filter>來源檔案</Filter>
    </ClCompile>
    <ClCompile Include="SkelConverter\math_utils.cpp">
      <Filter>來源檔案</Filter>
    </ClCompile>
    <ClCompile Include="SkelConverter\SkelConverter.cpp">
      <Filter>來源檔案</Filter>
    </ClCompile>
    <ClCompile Include="SkelConverter\skeleton_factory.cpp">
      <Filter>來源檔案</Filter>
    </ClCompile>
    <ClCompile Include="SkelConverter\holistic_correction.cc">
      <Filter>來源檔案</Filter>
    </ClCompile>
    <ClCompile Include="SkelConverter\key_utils.cc">
      <Filter>來源檔案</Filter>
    </ClCompile>
    <ClCompile Include="SkelConverter\libplot.cpp">
      <Filter>來源檔案</Filter>
    </ClCompile>
    <ClCompile Include="SkelConverter\pose_utils.cpp">
      <Filter>來源檔案</Filter>
    </ClCompile>
    <ClCompile Include="SkelConverter\quat_smoother.cc">
      <Filter>來源檔案</Filter>
    </ClCompile>
    <ClCompile Include="SkelConverter\signal_analyzer.cc">
      <Filter>來源檔案</Filter>
    </ClCompile>
    <ClCompile Include="SkelConverter\skeleton_plotter.cc">
      <Filter>來源檔案</Filter>
    </ClCompile>
    <ClCompile Include="SkelConverter\head_stabilizer.cc">
      <Filter>來源檔案</Filter>
    </ClCompile>
    <ClCompile Include="SkelConverter\hand_stabilizer.cc">
      <Filter>來源檔案</Filter>
    </ClCompile>
    <ClCompile Include="SkelConverter\db_utils.cc">
      <Filter>來源檔案</Filter>
    </ClCompile>
    <ClCompile Include="MHFormer\mhformer.cpp">
      <Filter>來源檔案</Filter>
    </ClCompile>
    <ClCompile Include="MHFormer\mhformer_utils.cpp">
      <Filter>來源檔案</Filter>
    </ClCompile>
    <ClCompile Include="PoseUtils.cpp">
      <Filter>來源檔案</Filter>
    </ClCompile>
    <ClCompile Include="Core\Core.cpp">
      <Filter>來源檔案</Filter>
    </ClCompile>
    <ClCompile Include="Diag.cpp">
      <Filter>來源檔案</Filter>
    </ClCompile>
    <ClCompile Include="PlotLib.cpp">
      <Filter>來源檔案</Filter>
    </ClCompile>
    <ClCompile Include="Core\VectorUtils.cpp">
      <Filter>來源檔案</Filter>
    </ClCompile>
  </ItemGroup>
  <ItemGroup>
    <None Include="packages.config" />
    <None Include="$(MSBuildThisFileDirectory)..\..\runtimes\win-x64\native\onnxruntime.dll" />
  </ItemGroup>
</Project>