<?xml version="1.0" encoding="utf-8"?>
<Project ToolsVersion="4.0" xmlns="http://schemas.microsoft.com/developer/msbuild/2003">
  <ItemGroup>
    <Filter Include="來源檔案">
      <UniqueIdentifier>{4FC737F1-C7A5-4376-A066-2A32D752A2FF}</UniqueIdentifier>
      <Extensions>cpp;c;cc;cxx;c++;cppm;ixx;def;odl;idl;hpj;bat;asm;asmx</Extensions>
    </Filter>
    <Filter Include="標頭檔">
      <UniqueIdentifier>{93995380-89BD-4b04-88EB-625FBE52EBFB}</UniqueIdentifier>
      <Extensions>h;hh;hpp;hxx;h++;hm;inl;inc;ipp;xsd</Extensions>
    </Filter>
    <Filter Include="資源檔">
      <UniqueIdentifier>{67DA6AB6-F800-4c08-8B7A-83BB121AAD01}</UniqueIdentifier>
      <Extensions>rc;ico;cur;bmp;dlg;rc2;rct;bin;rgs;gif;jpg;jpeg;jpe;resx;tiff;tif;png;wav;mfcribbon-ms</Extensions>
    </Filter>
  </ItemGroup>
  <ItemGroup>
    <ClInclude Include="framework.h">
      <Filter>標頭檔</Filter>
    </ClInclude>
    <ClInclude Include="LibMocap.h">
      <Filter>標頭檔</Filter>
    </ClInclude>
    <ClInclude Include="Core\TypeDef.h">
      <Filter>標頭檔</Filter>
    </ClInclude>
    <ClInclude Include="Mocap.h">
      <Filter>標頭檔</Filter>
    </ClInclude>
    <ClInclude Include="pch.h">
      <Filter>標頭檔</Filter>
    </ClInclude>
    <ClInclude Include="Holistic.hpp">
      <Filter>標頭檔</Filter>
    </ClInclude>
    <ClInclude Include="SkelConverter\SkelConverter.h">
      <Filter>標頭檔</Filter>
    </ClInclude>
    <ClInclude Include="SkelConverter\SkeletonFactory.h">
      <Filter>標頭檔</Filter>
    </ClInclude>
    <ClInclude Include="SkelConverter\HolisticCorrection.h">
      <Filter>標頭檔</Filter>
    </ClInclude>
    <ClInclude Include="Utils\CvPlot.h">
      <Filter>標頭檔</Filter>
    </ClInclude>
    <ClInclude Include="SkelConverter\QuatSmoother.h">
      <Filter>標頭檔</Filter>
    </ClInclude>
    <ClInclude Include="Utils\Skel\SignalAnalyzer.h">
      <Filter>標頭檔</Filter>
    </ClInclude>
    <ClInclude Include="Utils\SkeletonPlotter.h">
      <Filter>標頭檔</Filter>
    </ClInclude>
    <ClInclude Include="SkelConverter\HeadStabilizer.h">
      <Filter>標頭檔</Filter>
    </ClInclude>
    <ClInclude Include="SkelConverter\HandStabilizer.h">
      <Filter>標頭檔</Filter>
    </ClInclude>
    <ClInclude Include="Utils\DebugUtils.h">
      <Filter>標頭檔</Filter>
    </ClInclude>
    <ClInclude Include="SkelConverter\ImageExporter.hpp">
      <Filter>標頭檔</Filter>
    </ClInclude>
    <ClInclude Include="Core\Math\KalmanFilter.hpp">
      <Filter>標頭檔</Filter>
    </ClInclude>
    <ClInclude Include="Core\Math\Kalman1d.hpp">
      <Filter>標頭檔</Filter>
    </ClInclude>
    <ClInclude Include="Core\Math\OneEuroFilter.hpp">
      <Filter>標頭檔</Filter>
    </ClInclude>
    <ClInclude Include="Utils\Skel\QuatStabilizer.hpp">
      <Filter>標頭檔</Filter>
    </ClInclude>
    <ClInclude Include="Utils\Skel\BoneStabilizer.hpp">
      <Filter>標頭檔</Filter>
    </ClInclude>
    <ClInclude Include="SkelConverter\Calibration.hpp">
      <Filter>標頭檔</Filter>
    </ClInclude>
    <ClInclude Include="Utils\Camera.hpp">
      <Filter>標頭檔</Filter>
    </ClInclude>
    <ClInclude Include="SkelConverter\Gesture.hpp">
      <Filter>標頭檔</Filter>
    </ClInclude>
    <ClInclude Include="SkelConverter\GestureDetector.hpp">
      <Filter>標頭檔</Filter>
    </ClInclude>
    <ClInclude Include="MHFormer\mhformer.h">
      <Filter>標頭檔</Filter>
    </ClInclude>
    <ClInclude Include="MHFormer\mhformer_utils.h">
      <Filter>標頭檔</Filter>
    </ClInclude>
    <ClInclude Include="PoseUtils.h">
      <Filter>標頭檔</Filter>
    </ClInclude>
    <ClInclude Include="Core\Core.h">
      <Filter>標頭檔</Filter>
    </ClInclude>
    <ClInclude Include="Diag.h">
      <Filter>標頭檔</Filter>
    </ClInclude>
    <ClInclude Include="Utils\TextPlotter.hpp">
      <Filter>標頭檔</Filter>
    </ClInclude>
    <ClInclude Include="Utils\TimeUtils.hpp">
      <Filter>標頭檔</Filter>
    </ClInclude>
    <ClInclude Include="Utils\PlotLib.h">
      <Filter>標頭檔</Filter>
    </ClInclude>
    <ClInclude Include="Utils\VideoPlayer.hpp">
      <Filter>標頭檔</Filter>
    </ClInclude>
    <ClInclude Include="SkelConverter\Skeleton.hpp">
      <Filter>標頭檔</Filter>
    </ClInclude>
    <ClInclude Include="Utils\Skel\StablePoint.hpp">
      <Filter>標頭檔</Filter>
    </ClInclude>
    <ClInclude Include="Utils\Skel\StableValue.hpp">
      <Filter>標頭檔</Filter>
    </ClInclude>
    <ClInclude Include="Core\VectorUtils.h">
      <Filter>標頭檔</Filter>
    </ClInclude>
    <ClInclude Include="Utils\Timer.hpp">
      <Filter>標頭檔</Filter>
    </ClInclude>
    <ClInclude Include="Core\Math\MathLib.h">
      <Filter>標頭檔</Filter>
    </ClInclude>
  </ItemGroup>
  <ItemGroup>
    <ClCompile Include="dllmain.cpp">
      <Filter>來源檔案</Filter>
    </ClCompile>
    <ClCompile Include="pch.cpp">
      <Filter>來源檔案</Filter>
    </ClCompile>
    <ClCompile Include="LibMocap.cpp">
      <Filter>來源檔案</Filter>
    </ClCompile>
    <ClCompile Include="Mocap.cpp">
      <Filter>來源檔案</Filter>
    </ClCompile>
    <ClCompile Include="SkelConverter\SkelConverter.cpp">
      <Filter>來源檔案</Filter>
    </ClCompile>
    <ClCompile Include="SkelConverter\SkeletonFactory.cpp">
      <Filter>來源檔案</Filter>
    </ClCompile>
    <ClCompile Include="SkelConverter\HolisticCorrection.cc">
      <Filter>來源檔案</Filter>
    </ClCompile>
    <ClCompile Include="Utils\CvPlot.cpp">
      <Filter>來源檔案</Filter>
    </ClCompile>
    <ClCompile Include="SkelConverter\QuatSmoother.cc">
      <Filter>來源檔案</Filter>
    </ClCompile>
    <ClCompile Include="Utils\Skel\SignalAnalyzer.cc">
      <Filter>來源檔案</Filter>
    </ClCompile>
    <ClCompile Include="Utils\SkeletonPlotter.cc">
      <Filter>來源檔案</Filter>
    </ClCompile>
    <ClCompile Include="SkelConverter\HeadStabilizer.cc">
      <Filter>來源檔案</Filter>
    </ClCompile>
    <ClCompile Include="SkelConverter\HandStabilizer.cc">
      <Filter>來源檔案</Filter>
    </ClCompile>
    <ClCompile Include="Utils\DebugUtils.cc">
      <Filter>來源檔案</Filter>
    </ClCompile>
    <ClCompile Include="MHFormer\mhformer.cpp">
      <Filter>來源檔案</Filter>
    </ClCompile>
    <ClCompile Include="MHFormer\mhformer_utils.cpp">
      <Filter>來源檔案</Filter>
    </ClCompile>
    <ClCompile Include="PoseUtils.cpp">
      <Filter>來源檔案</Filter>
    </ClCompile>
    <ClCompile Include="Core\Core.cpp">
      <Filter>來源檔案</Filter>
    </ClCompile>
    <ClCompile Include="Diag.cpp">
      <Filter>來源檔案</Filter>
    </ClCompile>
    <ClCompile Include="Utils\PlotLib.cpp">
      <Filter>來源檔案</Filter>
    </ClCompile>
    <ClCompile Include="Core\VectorUtils.cpp">
      <Filter>來源檔案</Filter>
    </ClCompile>
    <ClCompile Include="Core\Math\MathLib.cpp">
      <Filter>來源檔案</Filter>
    </ClCompile>
  </ItemGroup>
  <ItemGroup>
    <None Include="packages.config" />
    <None Include="$(MSBuildThisFileDirectory)..\..\runtimes\win-x64\native\onnxruntime.dll" />
  </ItemGroup>
</Project>